
Microsoft Visual Studio Solution File, Format Version 12.00
# Visual Studio 14
VisualStudioVersion = 14.0.25123.0
MinimumVisualStudioVersion = 10.0.40219.1
Project("{FAE04EC0-301F-11D3-BF4B-00C04F79EFBC}") = "SpecFlow.BrowserStack", "SpecFlow.BrowserStack\SpecFlow.BrowserStack.csproj", "{C8918B17-B061-4203-AB23-CB22BCE8C721}"
EndProject
Project("{2150E333-8FDC-42A3-9474-1A3956D46DE8}") = "build", "build", "{925E0612-77F8-459D-8100-87AFA52B581A}"
	ProjectSection(SolutionItems) = preProject
		build.ps1 = build.ps1
		build_local.ps1 = build_local.ps1
	EndProjectSection
EndProject
Project("{FAE04EC0-301F-11D3-BF4B-00C04F79EFBC}") = "SpecFlow.BrowserStack.LocalTests", "SpecFlow.BrowserStack.LocalTests\SpecFlow.BrowserStack.LocalTests.csproj", "{9B9AE554-4814-4682-9532-8DD65C41FAF4}"
EndProject
Global
	GlobalSection(SolutionConfigurationPlatforms) = preSolution
		MacELCFirefox46|Any CPU = MacELCFirefox46|Any CPU
		Win10Chrome50|Any CPU = Win10Chrome50|Any CPU
	EndGlobalSection
	GlobalSection(ProjectConfigurationPlatforms) = postSolution
		{C8918B17-B061-4203-AB23-CB22BCE8C721}.MacELCFirefox46|Any CPU.ActiveCfg = MacELCFirefox46|Any CPU
		{C8918B17-B061-4203-AB23-CB22BCE8C721}.MacELCFirefox46|Any CPU.Build.0 = MacELCFirefox46|Any CPU
		{C8918B17-B061-4203-AB23-CB22BCE8C721}.Win10Chrome50|Any CPU.ActiveCfg = Win10Chrome50|Any CPU
		{C8918B17-B061-4203-AB23-CB22BCE8C721}.Win10Chrome50|Any CPU.Build.0 = Win10Chrome50|Any CPU
		{9B9AE554-4814-4682-9532-8DD65C41FAF4}.MacELCFirefox46|Any CPU.ActiveCfg = MacELCFirefox46|Any CPU
		{9B9AE554-4814-4682-9532-8DD65C41FAF4}.MacELCFirefox46|Any CPU.Build.0 = MacELCFirefox46|Any CPU
		{9B9AE554-4814-4682-9532-8DD65C41FAF4}.Win10Chrome50|Any CPU.ActiveCfg = Win10Chrome50|Any CPU
		{9B9AE554-4814-4682-9532-8DD65C41FAF4}.Win10Chrome50|Any CPU.Build.0 = Win10Chrome50|Any CPU
	EndGlobalSection
	GlobalSection(SolutionProperties) = preSolution
		HideSolutionNode = FALSE
	EndGlobalSection
EndGlobal
